// !$*UTF8*$!
{
	archiveVersion = 1;
	classes = {
	};
	objectVersion = 56;
	objects = {

/* Begin PBXBuildFile section */
		131AD29C2931310B00DB77B9 /* PokemonResponse.swift in Sources */ = {isa = PBXBuildFile; fileRef = 131AD29B2931310B00DB77B9 /* PokemonResponse.swift */; };
		13C5F9B8292E933B009CDC95 /* PokedexApp.swift in Sources */ = {isa = PBXBuildFile; fileRef = 13C5F9B7292E933B009CDC95 /* PokedexApp.swift */; };
		13C5F9BA292E933B009CDC95 /* ContentView.swift in Sources */ = {isa = PBXBuildFile; fileRef = 13C5F9B9292E933B009CDC95 /* ContentView.swift */; };
		13C5F9BC292E933D009CDC95 /* Assets.xcassets in Resources */ = {isa = PBXBuildFile; fileRef = 13C5F9BB292E933D009CDC95 /* Assets.xcassets */; };
		13C5F9BF292E933D009CDC95 /* Preview Assets.xcassets in Resources */ = {isa = PBXBuildFile; fileRef = 13C5F9BE292E933D009CDC95 /* Preview Assets.xcassets */; };
		13C5F9C9292E933D009CDC95 /* PokedexTests.swift in Sources */ = {isa = PBXBuildFile; fileRef = 13C5F9C8292E933D009CDC95 /* PokedexTests.swift */; };
		13C5F9D3292E933D009CDC95 /* PokedexUITests.swift in Sources */ = {isa = PBXBuildFile; fileRef = 13C5F9D2292E933D009CDC95 /* PokedexUITests.swift */; };
		13C5F9D5292E933D009CDC95 /* PokedexUITestsLaunchTests.swift in Sources */ = {isa = PBXBuildFile; fileRef = 13C5F9D4292E933D009CDC95 /* PokedexUITestsLaunchTests.swift */; };
		13C5F9E3292EA83A009CDC95 /* PokemonListResponse.swift in Sources */ = {isa = PBXBuildFile; fileRef = 13C5F9E2292EA83A009CDC95 /* PokemonListResponse.swift */; };
		13C5F9E7292EA8FC009CDC95 /* PokemonRepository.swift in Sources */ = {isa = PBXBuildFile; fileRef = 13C5F9E6292EA8FC009CDC95 /* PokemonRepository.swift */; };
		13C5F9EA292EA977009CDC95 /* URLSession+Extension.swift in Sources */ = {isa = PBXBuildFile; fileRef = 13C5F9E9292EA977009CDC95 /* URLSession+Extension.swift */; };
		13C5F9EC292EAC8F009CDC95 /* Constants.swift in Sources */ = {isa = PBXBuildFile; fileRef = 13C5F9EB292EAC8F009CDC95 /* Constants.swift */; };
		13C5F9EE292EAE5B009CDC95 /* Body.swift in Sources */ = {isa = PBXBuildFile; fileRef = 13C5F9ED292EAE5B009CDC95 /* Body.swift */; };
		13C5F9F3292EB20D009CDC95 /* PokemonRepositoryTests.swift in Sources */ = {isa = PBXBuildFile; fileRef = 13C5F9F2292EB20D009CDC95 /* PokemonRepositoryTests.swift */; };
/* End PBXBuildFile section */

/* Begin PBXContainerItemProxy section */
		13C5F9C5292E933D009CDC95 /* PBXContainerItemProxy */ = {
			isa = PBXContainerItemProxy;
			containerPortal = 13C5F9AC292E933A009CDC95 /* Project object */;
			proxyType = 1;
			remoteGlobalIDString = 13C5F9B3292E933A009CDC95;
			remoteInfo = Pokedex;
		};
		13C5F9CF292E933D009CDC95 /* PBXContainerItemProxy */ = {
			isa = PBXContainerItemProxy;
			containerPortal = 13C5F9AC292E933A009CDC95 /* Project object */;
			proxyType = 1;
			remoteGlobalIDString = 13C5F9B3292E933A009CDC95;
			remoteInfo = Pokedex;
		};
/* End PBXContainerItemProxy section */

/* Begin PBXFileReference section */
		131AD29B2931310B00DB77B9 /* PokemonResponse.swift */ = {isa = PBXFileReference; lastKnownFileType = sourcecode.swift; path = PokemonResponse.swift; sourceTree = "<group>"; };
		13C5F9B4292E933B009CDC95 /* Pokedex.app */ = {isa = PBXFileReference; explicitFileType = wrapper.application; includeInIndex = 0; path = Pokedex.app; sourceTree = BUILT_PRODUCTS_DIR; };
		13C5F9B7292E933B009CDC95 /* PokedexApp.swift */ = {isa = PBXFileReference; lastKnownFileType = sourcecode.swift; path = PokedexApp.swift; sourceTree = "<group>"; };
		13C5F9B9292E933B009CDC95 /* ContentView.swift */ = {isa = PBXFileReference; lastKnownFileType = sourcecode.swift; path = ContentView.swift; sourceTree = "<group>"; };
		13C5F9BB292E933D009CDC95 /* Assets.xcassets */ = {isa = PBXFileReference; lastKnownFileType = folder.assetcatalog; path = Assets.xcassets; sourceTree = "<group>"; };
		13C5F9BE292E933D009CDC95 /* Preview Assets.xcassets */ = {isa = PBXFileReference; lastKnownFileType = folder.assetcatalog; path = "Preview Assets.xcassets"; sourceTree = "<group>"; };
		13C5F9C4292E933D009CDC95 /* PokedexTests.xctest */ = {isa = PBXFileReference; explicitFileType = wrapper.cfbundle; includeInIndex = 0; path = PokedexTests.xctest; sourceTree = BUILT_PRODUCTS_DIR; };
		13C5F9C8292E933D009CDC95 /* PokedexTests.swift */ = {isa = PBXFileReference; lastKnownFileType = sourcecode.swift; path = PokedexTests.swift; sourceTree = "<group>"; };
		13C5F9CE292E933D009CDC95 /* PokedexUITests.xctest */ = {isa = PBXFileReference; explicitFileType = wrapper.cfbundle; includeInIndex = 0; path = PokedexUITests.xctest; sourceTree = BUILT_PRODUCTS_DIR; };
		13C5F9D2292E933D009CDC95 /* PokedexUITests.swift */ = {isa = PBXFileReference; lastKnownFileType = sourcecode.swift; path = PokedexUITests.swift; sourceTree = "<group>"; };
		13C5F9D4292E933D009CDC95 /* PokedexUITestsLaunchTests.swift */ = {isa = PBXFileReference; lastKnownFileType = sourcecode.swift; path = PokedexUITestsLaunchTests.swift; sourceTree = "<group>"; };
		13C5F9E2292EA83A009CDC95 /* PokemonListResponse.swift */ = {isa = PBXFileReference; lastKnownFileType = sourcecode.swift; path = PokemonListResponse.swift; sourceTree = "<group>"; };
		13C5F9E6292EA8FC009CDC95 /* PokemonRepository.swift */ = {isa = PBXFileReference; lastKnownFileType = sourcecode.swift; path = PokemonRepository.swift; sourceTree = "<group>"; };
		13C5F9E9292EA977009CDC95 /* URLSession+Extension.swift */ = {isa = PBXFileReference; lastKnownFileType = sourcecode.swift; path = "URLSession+Extension.swift"; sourceTree = "<group>"; };
		13C5F9EB292EAC8F009CDC95 /* Constants.swift */ = {isa = PBXFileReference; lastKnownFileType = sourcecode.swift; path = Constants.swift; sourceTree = "<group>"; };
		13C5F9ED292EAE5B009CDC95 /* Body.swift */ = {isa = PBXFileReference; lastKnownFileType = sourcecode.swift; path = Body.swift; sourceTree = "<group>"; };
		13C5F9F2292EB20D009CDC95 /* PokemonRepositoryTests.swift */ = {isa = PBXFileReference; lastKnownFileType = sourcecode.swift; path = PokemonRepositoryTests.swift; sourceTree = "<group>"; };
/* End PBXFileReference section */

/* Begin PBXFrameworksBuildPhase section */
		13C5F9B1292E933A009CDC95 /* Frameworks */ = {
			isa = PBXFrameworksBuildPhase;
			buildActionMask = 2147483647;
			files = (
			);
			runOnlyForDeploymentPostprocessing = 0;
		};
		13C5F9C1292E933D009CDC95 /* Frameworks */ = {
			isa = PBXFrameworksBuildPhase;
			buildActionMask = 2147483647;
			files = (
			);
			runOnlyForDeploymentPostprocessing = 0;
		};
		13C5F9CB292E933D009CDC95 /* Frameworks */ = {
			isa = PBXFrameworksBuildPhase;
			buildActionMask = 2147483647;
			files = (
			);
			runOnlyForDeploymentPostprocessing = 0;
		};
/* End PBXFrameworksBuildPhase section */

/* Begin PBXGroup section */
		13C5F9AB292E933A009CDC95 = {
			isa = PBXGroup;
			children = (
				13C5F9B6292E933B009CDC95 /* Pokedex */,
				13C5F9C7292E933D009CDC95 /* PokedexTests */,
				13C5F9D1292E933D009CDC95 /* PokedexUITests */,
				13C5F9B5292E933B009CDC95 /* Products */,
			);
			sourceTree = "<group>";
		};
		13C5F9B5292E933B009CDC95 /* Products */ = {
			isa = PBXGroup;
			children = (
				13C5F9B4292E933B009CDC95 /* Pokedex.app */,
				13C5F9C4292E933D009CDC95 /* PokedexTests.xctest */,
				13C5F9CE292E933D009CDC95 /* PokedexUITests.xctest */,
			);
			name = Products;
			sourceTree = "<group>";
		};
		13C5F9B6292E933B009CDC95 /* Pokedex */ = {
			isa = PBXGroup;
			children = (
				13C5F9E1292E958E009CDC95 /* Network */,
				13C5F9B7292E933B009CDC95 /* PokedexApp.swift */,
				13C5F9B9292E933B009CDC95 /* ContentView.swift */,
				13C5F9BB292E933D009CDC95 /* Assets.xcassets */,
				13C5F9BD292E933D009CDC95 /* Preview Content */,
				13C5F9EB292EAC8F009CDC95 /* Constants.swift */,
			);
			path = Pokedex;
			sourceTree = "<group>";
		};
		13C5F9BD292E933D009CDC95 /* Preview Content */ = {
			isa = PBXGroup;
			children = (
				13C5F9BE292E933D009CDC95 /* Preview Assets.xcassets */,
			);
			path = "Preview Content";
			sourceTree = "<group>";
		};
		13C5F9C7292E933D009CDC95 /* PokedexTests */ = {
			isa = PBXGroup;
			children = (
				13C5F9EF292EB1EE009CDC95 /* Network */,
				13C5F9C8292E933D009CDC95 /* PokedexTests.swift */,
			);
			path = PokedexTests;
			sourceTree = "<group>";
		};
		13C5F9D1292E933D009CDC95 /* PokedexUITests */ = {
			isa = PBXGroup;
			children = (
				13C5F9D2292E933D009CDC95 /* PokedexUITests.swift */,
				13C5F9D4292E933D009CDC95 /* PokedexUITestsLaunchTests.swift */,
			);
			path = PokedexUITests;
			sourceTree = "<group>";
		};
		13C5F9E1292E958E009CDC95 /* Network */ = {
			isa = PBXGroup;
			children = (
				13C5F9E8292EA932009CDC95 /* Extensions */,
				13C5F9E5292EA8E2009CDC95 /* Repositories */,
				13C5F9E4292EA8D5009CDC95 /* Models */,
			);
			path = Network;
			sourceTree = "<group>";
		};
		13C5F9E4292EA8D5009CDC95 /* Models */ = {
			isa = PBXGroup;
			children = (
				13C5F9E2292EA83A009CDC95 /* PokemonListResponse.swift */,
				131AD29B2931310B00DB77B9 /* PokemonResponse.swift */,
				13C5F9ED292EAE5B009CDC95 /* Body.swift */,
			);
			path = Models;
			sourceTree = "<group>";
		};
		13C5F9E5292EA8E2009CDC95 /* Repositories */ = {
			isa = PBXGroup;
			children = (
				13C5F9E6292EA8FC009CDC95 /* PokemonRepository.swift */,
			);
			path = Repositories;
			sourceTree = "<group>";
		};
		13C5F9E8292EA932009CDC95 /* Extensions */ = {
			isa = PBXGroup;
			children = (
				13C5F9E9292EA977009CDC95 /* URLSession+Extension.swift */,
			);
			path = Extensions;
			sourceTree = "<group>";
		};
		13C5F9EF292EB1EE009CDC95 /* Network */ = {
			isa = PBXGroup;
			children = (
				13C5F9F0292EB1F7009CDC95 /* Repositories */,
			);
			path = Network;
			sourceTree = "<group>";
		};
		13C5F9F0292EB1F7009CDC95 /* Repositories */ = {
			isa = PBXGroup;
			children = (
				13C5F9F2292EB20D009CDC95 /* PokemonRepositoryTests.swift */,
			);
			path = Repositories;
			sourceTree = "<group>";
		};
/* End PBXGroup section */

/* Begin PBXNativeTarget section */
		13C5F9B3292E933A009CDC95 /* Pokedex */ = {
			isa = PBXNativeTarget;
			buildConfigurationList = 13C5F9D8292E933D009CDC95 /* Build configuration list for PBXNativeTarget "Pokedex" */;
			buildPhases = (
				13C5F9B0292E933A009CDC95 /* Sources */,
				13C5F9B1292E933A009CDC95 /* Frameworks */,
				13C5F9B2292E933A009CDC95 /* Resources */,
			);
			buildRules = (
			);
			dependencies = (
			);
			name = Pokedex;
			productName = Pokedex;
			productReference = 13C5F9B4292E933B009CDC95 /* Pokedex.app */;
			productType = "com.apple.product-type.application";
		};
		13C5F9C3292E933D009CDC95 /* PokedexTests */ = {
			isa = PBXNativeTarget;
			buildConfigurationList = 13C5F9DB292E933D009CDC95 /* Build configuration list for PBXNativeTarget "PokedexTests" */;
			buildPhases = (
				13C5F9C0292E933D009CDC95 /* Sources */,
				13C5F9C1292E933D009CDC95 /* Frameworks */,
				13C5F9C2292E933D009CDC95 /* Resources */,
			);
			buildRules = (
			);
			dependencies = (
				13C5F9C6292E933D009CDC95 /* PBXTargetDependency */,
			);
			name = PokedexTests;
			productName = PokedexTests;
			productReference = 13C5F9C4292E933D009CDC95 /* PokedexTests.xctest */;
			productType = "com.apple.product-type.bundle.unit-test";
		};
		13C5F9CD292E933D009CDC95 /* PokedexUITests */ = {
			isa = PBXNativeTarget;
			buildConfigurationList = 13C5F9DE292E933D009CDC95 /* Build configuration list for PBXNativeTarget "PokedexUITests" */;
			buildPhases = (
				13C5F9CA292E933D009CDC95 /* Sources */,
				13C5F9CB292E933D009CDC95 /* Frameworks */,
				13C5F9CC292E933D009CDC95 /* Resources */,
			);
			buildRules = (
			);
			dependencies = (
				13C5F9D0292E933D009CDC95 /* PBXTargetDependency */,
			);
			name = PokedexUITests;
			productName = PokedexUITests;
			productReference = 13C5F9CE292E933D009CDC95 /* PokedexUITests.xctest */;
			productType = "com.apple.product-type.bundle.ui-testing";
		};
/* End PBXNativeTarget section */

/* Begin PBXProject section */
		13C5F9AC292E933A009CDC95 /* Project object */ = {
			isa = PBXProject;
			attributes = {
				BuildIndependentTargetsInParallel = 1;
				LastSwiftUpdateCheck = 1410;
				LastUpgradeCheck = 1410;
				TargetAttributes = {
					13C5F9B3292E933A009CDC95 = {
						CreatedOnToolsVersion = 14.1;
					};
					13C5F9C3292E933D009CDC95 = {
						CreatedOnToolsVersion = 14.1;
						TestTargetID = 13C5F9B3292E933A009CDC95;
					};
					13C5F9CD292E933D009CDC95 = {
						CreatedOnToolsVersion = 14.1;
						TestTargetID = 13C5F9B3292E933A009CDC95;
					};
				};
			};
			buildConfigurationList = 13C5F9AF292E933A009CDC95 /* Build configuration list for PBXProject "Pokedex" */;
			compatibilityVersion = "Xcode 14.0";
			developmentRegion = en;
			hasScannedForEncodings = 0;
			knownRegions = (
				en,
				Base,
			);
			mainGroup = 13C5F9AB292E933A009CDC95;
			productRefGroup = 13C5F9B5292E933B009CDC95 /* Products */;
			projectDirPath = "";
			projectRoot = "";
			targets = (
				13C5F9B3292E933A009CDC95 /* Pokedex */,
				13C5F9C3292E933D009CDC95 /* PokedexTests */,
				13C5F9CD292E933D009CDC95 /* PokedexUITests */,
			);
		};
/* End PBXProject section */

/* Begin PBXResourcesBuildPhase section */
		13C5F9B2292E933A009CDC95 /* Resources */ = {
			isa = PBXResourcesBuildPhase;
			buildActionMask = 2147483647;
			files = (
				13C5F9BF292E933D009CDC95 /* Preview Assets.xcassets in Resources */,
				13C5F9BC292E933D009CDC95 /* Assets.xcassets in Resources */,
			);
			runOnlyForDeploymentPostprocessing = 0;
		};
		13C5F9C2292E933D009CDC95 /* Resources */ = {
			isa = PBXResourcesBuildPhase;
			buildActionMask = 2147483647;
			files = (
			);
			runOnlyForDeploymentPostprocessing = 0;
		};
		13C5F9CC292E933D009CDC95 /* Resources */ = {
			isa = PBXResourcesBuildPhase;
			buildActionMask = 2147483647;
			files = (
			);
			runOnlyForDeploymentPostprocessing = 0;
		};
/* End PBXResourcesBuildPhase section */

/* Begin PBXSourcesBuildPhase section */
		13C5F9B0292E933A009CDC95 /* Sources */ = {
			isa = PBXSourcesBuildPhase;
			buildActionMask = 2147483647;
			files = (
				131AD29C2931310B00DB77B9 /* PokemonResponse.swift in Sources */,
				13C5F9E3292EA83A009CDC95 /* PokemonListResponse.swift in Sources */,
				13C5F9EE292EAE5B009CDC95 /* Body.swift in Sources */,
				13C5F9EA292EA977009CDC95 /* URLSession+Extension.swift in Sources */,
				13C5F9BA292E933B009CDC95 /* ContentView.swift in Sources */,
				13C5F9B8292E933B009CDC95 /* PokedexApp.swift in Sources */,
				13C5F9E7292EA8FC009CDC95 /* PokemonRepository.swift in Sources */,
				13C5F9EC292EAC8F009CDC95 /* Constants.swift in Sources */,
			);
			runOnlyForDeploymentPostprocessing = 0;
		};
		13C5F9C0292E933D009CDC95 /* Sources */ = {
			isa = PBXSourcesBuildPhase;
			buildActionMask = 2147483647;
			files = (
				13C5F9C9292E933D009CDC95 /* PokedexTests.swift in Sources */,
				13C5F9F3292EB20D009CDC95 /* PokemonRepositoryTests.swift in Sources */,
			);
			runOnlyForDeploymentPostprocessing = 0;
		};
		13C5F9CA292E933D009CDC95 /* Sources */ = {
			isa = PBXSourcesBuildPhase;
			buildActionMask = 2147483647;
			files = (
				13C5F9D3292E933D009CDC95 /* PokedexUITests.swift in Sources */,
				13C5F9D5292E933D009CDC95 /* PokedexUITestsLaunchTests.swift in Sources */,
			);
			runOnlyForDeploymentPostprocessing = 0;
		};
/* End PBXSourcesBuildPhase section */

/* Begin PBXTargetDependency section */
		13C5F9C6292E933D009CDC95 /* PBXTargetDependency */ = {
			isa = PBXTargetDependency;
			target = 13C5F9B3292E933A009CDC95 /* Pokedex */;
			targetProxy = 13C5F9C5292E933D009CDC95 /* PBXContainerItemProxy */;
		};
		13C5F9D0292E933D009CDC95 /* PBXTargetDependency */ = {
			isa = PBXTargetDependency;
			target = 13C5F9B3292E933A009CDC95 /* Pokedex */;
			targetProxy = 13C5F9CF292E933D009CDC95 /* PBXContainerItemProxy */;
		};
/* End PBXTargetDependency section */

/* Begin XCBuildConfiguration section */
		13C5F9D6292E933D009CDC95 /* Debug */ = {
			isa = XCBuildConfiguration;
			buildSettings = {
				ALWAYS_SEARCH_USER_PATHS = NO;
				CLANG_ANALYZER_NONNULL = YES;
				CLANG_ANALYZER_NUMBER_OBJECT_CONVERSION = YES_AGGRESSIVE;
				CLANG_CXX_LANGUAGE_STANDARD = "gnu++20";
				CLANG_ENABLE_MODULES = YES;
				CLANG_ENABLE_OBJC_ARC = YES;
				CLANG_ENABLE_OBJC_WEAK = YES;
				CLANG_WARN_BLOCK_CAPTURE_AUTORELEASING = YES;
				CLANG_WARN_BOOL_CONVERSION = YES;
				CLANG_WARN_COMMA = YES;
				CLANG_WARN_CONSTANT_CONVERSION = YES;
				CLANG_WARN_DEPRECATED_OBJC_IMPLEMENTATIONS = YES;
				CLANG_WARN_DIRECT_OBJC_ISA_USAGE = YES_ERROR;
				CLANG_WARN_DOCUMENTATION_COMMENTS = YES;
				CLANG_WARN_EMPTY_BODY = YES;
				CLANG_WARN_ENUM_CONVERSION = YES;
				CLANG_WARN_INFINITE_RECURSION = YES;
				CLANG_WARN_INT_CONVERSION = YES;
				CLANG_WARN_NON_LITERAL_NULL_CONVERSION = YES;
				CLANG_WARN_OBJC_IMPLICIT_RETAIN_SELF = YES;
				CLANG_WARN_OBJC_LITERAL_CONVERSION = YES;
				CLANG_WARN_OBJC_ROOT_CLASS = YES_ERROR;
				CLANG_WARN_QUOTED_INCLUDE_IN_FRAMEWORK_HEADER = YES;
				CLANG_WARN_RANGE_LOOP_ANALYSIS = YES;
				CLANG_WARN_STRICT_PROTOTYPES = YES;
				CLANG_WARN_SUSPICIOUS_MOVE = YES;
				CLANG_WARN_UNGUARDED_AVAILABILITY = YES_AGGRESSIVE;
				CLANG_WARN_UNREACHABLE_CODE = YES;
				CLANG_WARN__DUPLICATE_METHOD_MATCH = YES;
				COPY_PHASE_STRIP = NO;
				DEBUG_INFORMATION_FORMAT = dwarf;
				ENABLE_STRICT_OBJC_MSGSEND = YES;
				ENABLE_TESTABILITY = YES;
				GCC_C_LANGUAGE_STANDARD = gnu11;
				GCC_DYNAMIC_NO_PIC = NO;
				GCC_NO_COMMON_BLOCKS = YES;
				GCC_OPTIMIZATION_LEVEL = 0;
				GCC_PREPROCESSOR_DEFINITIONS = (
					"DEBUG=1",
					"$(inherited)",
				);
				GCC_WARN_64_TO_32_BIT_CONVERSION = YES;
				GCC_WARN_ABOUT_RETURN_TYPE = YES_ERROR;
				GCC_WARN_UNDECLARED_SELECTOR = YES;
				GCC_WARN_UNINITIALIZED_AUTOS = YES_AGGRESSIVE;
				GCC_WARN_UNUSED_FUNCTION = YES;
				GCC_WARN_UNUSED_VARIABLE = YES;
				IPHONEOS_DEPLOYMENT_TARGET = 16.1;
				MTL_ENABLE_DEBUG_INFO = INCLUDE_SOURCE;
				MTL_FAST_MATH = YES;
				ONLY_ACTIVE_ARCH = YES;
				SDKROOT = iphoneos;
				SWIFT_ACTIVE_COMPILATION_CONDITIONS = DEBUG;
				SWIFT_OPTIMIZATION_LEVEL = "-Onone";
			};
			name = Debug;
		};
		13C5F9D7292E933D009CDC95 /* Release */ = {
			isa = XCBuildConfiguration;
			buildSettings = {
				ALWAYS_SEARCH_USER_PATHS = NO;
				CLANG_ANALYZER_NONNULL = YES;
				CLANG_ANALYZER_NUMBER_OBJECT_CONVERSION = YES_AGGRESSIVE;
				CLANG_CXX_LANGUAGE_STANDARD = "gnu++20";
				CLANG_ENABLE_MODULES = YES;
				CLANG_ENABLE_OBJC_ARC = YES;
				CLANG_ENABLE_OBJC_WEAK = YES;
				CLANG_WARN_BLOCK_CAPTURE_AUTORELEASING = YES;
				CLANG_WARN_BOOL_CONVERSION = YES;
				CLANG_WARN_COMMA = YES;
				CLANG_WARN_CONSTANT_CONVERSION = YES;
				CLANG_WARN_DEPRECATED_OBJC_IMPLEMENTATIONS = YES;
				CLANG_WARN_DIRECT_OBJC_ISA_USAGE = YES_ERROR;
				CLANG_WARN_DOCUMENTATION_COMMENTS = YES;
				CLANG_WARN_EMPTY_BODY = YES;
				CLANG_WARN_ENUM_CONVERSION = YES;
				CLANG_WARN_INFINITE_RECURSION = YES;
				CLANG_WARN_INT_CONVERSION = YES;
				CLANG_WARN_NON_LITERAL_NULL_CONVERSION = YES;
				CLANG_WARN_OBJC_IMPLICIT_RETAIN_SELF = YES;
				CLANG_WARN_OBJC_LITERAL_CONVERSION = YES;
				CLANG_WARN_OBJC_ROOT_CLASS = YES_ERROR;
				CLANG_WARN_QUOTED_INCLUDE_IN_FRAMEWORK_HEADER = YES;
				CLANG_WARN_RANGE_LOOP_ANALYSIS = YES;
				CLANG_WARN_STRICT_PROTOTYPES = YES;
				CLANG_WARN_SUSPICIOUS_MOVE = YES;
				CLANG_WARN_UNGUARDED_AVAILABILITY = YES_AGGRESSIVE;
				CLANG_WARN_UNREACHABLE_CODE = YES;
				CLANG_WARN__DUPLICATE_METHOD_MATCH = YES;
				COPY_PHASE_STRIP = NO;
				DEBUG_INFORMATION_FORMAT = "dwarf-with-dsym";
				ENABLE_NS_ASSERTIONS = NO;
				ENABLE_STRICT_OBJC_MSGSEND = YES;
				GCC_C_LANGUAGE_STANDARD = gnu11;
				GCC_NO_COMMON_BLOCKS = YES;
				GCC_WARN_64_TO_32_BIT_CONVERSION = YES;
				GCC_WARN_ABOUT_RETURN_TYPE = YES_ERROR;
				GCC_WARN_UNDECLARED_SELECTOR = YES;
				GCC_WARN_UNINITIALIZED_AUTOS = YES_AGGRESSIVE;
				GCC_WARN_UNUSED_FUNCTION = YES;
				GCC_WARN_UNUSED_VARIABLE = YES;
				IPHONEOS_DEPLOYMENT_TARGET = 16.1;
				MTL_ENABLE_DEBUG_INFO = NO;
				MTL_FAST_MATH = YES;
				SDKROOT = iphoneos;
				SWIFT_COMPILATION_MODE = wholemodule;
				SWIFT_OPTIMIZATION_LEVEL = "-O";
				VALIDATE_PRODUCT = YES;
			};
			name = Release;
		};
		13C5F9D9292E933D009CDC95 /* Debug */ = {
			isa = XCBuildConfiguration;
			buildSettings = {
				ASSETCATALOG_COMPILER_APPICON_NAME = AppIcon;
				ASSETCATALOG_COMPILER_GLOBAL_ACCENT_COLOR_NAME = AccentColor;
				CODE_SIGN_STYLE = Automatic;
				CURRENT_PROJECT_VERSION = 1;
				DEVELOPMENT_ASSET_PATHS = "\"Pokedex/Preview Content\"";
				DEVELOPMENT_TEAM = 4GPJTSH854;
				ENABLE_PREVIEWS = YES;
				GENERATE_INFOPLIST_FILE = YES;
				INFOPLIST_KEY_UIApplicationSceneManifest_Generation = YES;
				INFOPLIST_KEY_UIApplicationSupportsIndirectInputEvents = YES;
				INFOPLIST_KEY_UILaunchScreen_Generation = YES;
				INFOPLIST_KEY_UISupportedInterfaceOrientations_iPad = "UIInterfaceOrientationPortrait UIInterfaceOrientationPortraitUpsideDown UIInterfaceOrientationLandscapeLeft UIInterfaceOrientationLandscapeRight";
				INFOPLIST_KEY_UISupportedInterfaceOrientations_iPhone = "UIInterfaceOrientationPortrait UIInterfaceOrientationLandscapeLeft UIInterfaceOrientationLandscapeRight";
				LD_RUNPATH_SEARCH_PATHS = (
					"$(inherited)",
					"@executable_path/Frameworks",
				);
				MARKETING_VERSION = 1.0;
				PRODUCT_BUNDLE_IDENTIFIER = com.studies.Pokedex;
				PRODUCT_NAME = "$(TARGET_NAME)";
				SWIFT_EMIT_LOC_STRINGS = YES;
				SWIFT_VERSION = 5.0;
				TARGETED_DEVICE_FAMILY = "1,2";
			};
			name = Debug;
		};
		13C5F9DA292E933D009CDC95 /* Release */ = {
			isa = XCBuildConfiguration;
			buildSettings = {
				ASSETCATALOG_COMPILER_APPICON_NAME = AppIcon;
				ASSETCATALOG_COMPILER_GLOBAL_ACCENT_COLOR_NAME = AccentColor;
				CODE_SIGN_STYLE = Automatic;
				CURRENT_PROJECT_VERSION = 1;
				DEVELOPMENT_ASSET_PATHS = "\"Pokedex/Preview Content\"";
				DEVELOPMENT_TEAM = 4GPJTSH854;
				ENABLE_PREVIEWS = YES;
				GENERATE_INFOPLIST_FILE = YES;
				INFOPLIST_KEY_UIApplicationSceneManifest_Generation = YES;
				INFOPLIST_KEY_UIApplicationSupportsIndirectInputEvents = YES;
				INFOPLIST_KEY_UILaunchScreen_Generation = YES;
				INFOPLIST_KEY_UISupportedInterfaceOrientations_iPad = "UIInterfaceOrientationPortrait UIInterfaceOrientationPortraitUpsideDown UIInterfaceOrientationLandscapeLeft UIInterfaceOrientationLandscapeRight";
				INFOPLIST_KEY_UISupportedInterfaceOrientations_iPhone = "UIInterfaceOrientationPortrait UIInterfaceOrientationLandscapeLeft UIInterfaceOrientationLandscapeRight";
				LD_RUNPATH_SEARCH_PATHS = (
					"$(inherited)",
					"@executable_path/Frameworks",
				);
				MARKETING_VERSION = 1.0;
				PRODUCT_BUNDLE_IDENTIFIER = com.studies.Pokedex;
				PRODUCT_NAME = "$(TARGET_NAME)";
				SWIFT_EMIT_LOC_STRINGS = YES;
				SWIFT_VERSION = 5.0;
				TARGETED_DEVICE_FAMILY = "1,2";
			};
			name = Release;
		};
		13C5F9DC292E933D009CDC95 /* Debug */ = {
			isa = XCBuildConfiguration;
			buildSettings = {
				ALWAYS_EMBED_SWIFT_STANDARD_LIBRARIES = YES;
				BUNDLE_LOADER = "$(TEST_HOST)";
				CODE_SIGN_STYLE = Automatic;
				CURRENT_PROJECT_VERSION = 1;
				DEVELOPMENT_TEAM = 4GPJTSH854;
				GENERATE_INFOPLIST_FILE = YES;
				IPHONEOS_DEPLOYMENT_TARGET = 16.1;
				MARKETING_VERSION = 1.0;
				PRODUCT_BUNDLE_IDENTIFIER = com.studies.PokedexTests;
				PRODUCT_NAME = "$(TARGET_NAME)";
				SWIFT_EMIT_LOC_STRINGS = NO;
				SWIFT_VERSION = 5.0;
				TARGETED_DEVICE_FAMILY = "1,2";
				TEST_HOST = "$(BUILT_PRODUCTS_DIR)/Pokedex.app/$(BUNDLE_EXECUTABLE_FOLDER_PATH)/Pokedex";
			};
			name = Debug;
		};
		13C5F9DD292E933D009CDC95 /* Release */ = {
			isa = XCBuildConfiguration;
			buildSettings = {
				ALWAYS_EMBED_SWIFT_STANDARD_LIBRARIES = YES;
				BUNDLE_LOADER = "$(TEST_HOST)";
				CODE_SIGN_STYLE = Automatic;
				CURRENT_PROJECT_VERSION = 1;
				DEVELOPMENT_TEAM = 4GPJTSH854;
				GENERATE_INFOPLIST_FILE = YES;
				IPHONEOS_DEPLOYMENT_TARGET = 16.1;
				MARKETING_VERSION = 1.0;
				PRODUCT_BUNDLE_IDENTIFIER = com.studies.PokedexTests;
				PRODUCT_NAME = "$(TARGET_NAME)";
				SWIFT_EMIT_LOC_STRINGS = NO;
				SWIFT_VERSION = 5.0;
				TARGETED_DEVICE_FAMILY = "1,2";
				TEST_HOST = "$(BUILT_PRODUCTS_DIR)/Pokedex.app/$(BUNDLE_EXECUTABLE_FOLDER_PATH)/Pokedex";
			};
			name = Release;
		};
		13C5F9DF292E933D009CDC95 /* Debug */ = {
			isa = XCBuildConfiguration;
			buildSettings = {
				ALWAYS_EMBED_SWIFT_STANDARD_LIBRARIES = YES;
				CODE_SIGN_STYLE = Automatic;
				CURRENT_PROJECT_VERSION = 1;
				DEVELOPMENT_TEAM = 4GPJTSH854;
				GENERATE_INFOPLIST_FILE = YES;
				MARKETING_VERSION = 1.0;
				PRODUCT_BUNDLE_IDENTIFIER = com.studies.PokedexUITests;
				PRODUCT_NAME = "$(TARGET_NAME)";
				SWIFT_EMIT_LOC_STRINGS = NO;
				SWIFT_VERSION = 5.0;
				TARGETED_DEVICE_FAMILY = "1,2";
				TEST_TARGET_NAME = Pokedex;
			};
			name = Debug;
		};
		13C5F9E0292E933D009CDC95 /* Release */ = {
			isa = XCBuildConfiguration;
			buildSettings = {
				ALWAYS_EMBED_SWIFT_STANDARD_LIBRARIES = YES;
				CODE_SIGN_STYLE = Automatic;
				CURRENT_PROJECT_VERSION = 1;
				DEVELOPMENT_TEAM = 4GPJTSH854;
				GENERATE_INFOPLIST_FILE = YES;
				MARKETING_VERSION = 1.0;
				PRODUCT_BUNDLE_IDENTIFIER = com.studies.PokedexUITests;
				PRODUCT_NAME = "$(TARGET_NAME)";
				SWIFT_EMIT_LOC_STRINGS = NO;
				SWIFT_VERSION = 5.0;
				TARGETED_DEVICE_FAMILY = "1,2";
				TEST_TARGET_NAME = Pokedex;
			};
			name = Release;
		};
/* End XCBuildConfiguration section */

/* Begin XCConfigurationList section */
		13C5F9AF292E933A009CDC95 /* Build configuration list for PBXProject "Pokedex" */ = {
			isa = XCConfigurationList;
			buildConfigurations = (
				13C5F9D6292E933D009CDC95 /* Debug */,
				13C5F9D7292E933D009CDC95 /* Release */,
			);
			defaultConfigurationIsVisible = 0;
			defaultConfigurationName = Release;
		};
		13C5F9D8292E933D009CDC95 /* Build configuration list for PBXNativeTarget "Pokedex" */ = {
			isa = XCConfigurationList;
			buildConfigurations = (
				13C5F9D9292E933D009CDC95 /* Debug */,
				13C5F9DA292E933D009CDC95 /* Release */,
			);
			defaultConfigurationIsVisible = 0;
			defaultConfigurationName = Release;
		};
		13C5F9DB292E933D009CDC95 /* Build configuration list for PBXNativeTarget "PokedexTests" */ = {
			isa = XCConfigurationList;
			buildConfigurations = (
				13C5F9DC292E933D009CDC95 /* Debug */,
				13C5F9DD292E933D009CDC95 /* Release */,
			);
			defaultConfigurationIsVisible = 0;
			defaultConfigurationName = Release;
		};
		13C5F9DE292E933D009CDC95 /* Build configuration list for PBXNativeTarget "PokedexUITests" */ = {
			isa = XCConfigurationList;
			buildConfigurations = (
				13C5F9DF292E933D009CDC95 /* Debug */,
				13C5F9E0292E933D009CDC95 /* Release */,
			);
			defaultConfigurationIsVisible = 0;
			defaultConfigurationName = Release;
		};
/* End XCConfigurationList section */
	};
	rootObject = 13C5F9AC292E933A009CDC95 /* Project object */;
}
